<?xml version="1.0" encoding="utf-8"?>
<Project xmlns="http://schemas.microsoft.com/developer/msbuild/2003">
  <ItemGroup>
    <Filter Include="Form Files">
      <UniqueIdentifier>{99349809-55BA-4b9d-BF79-8FDBB0286EB3}</UniqueIdentifier>
      <Extensions>ui</Extensions>
      <ParseFiles>false</ParseFiles>
    </Filter>
    <Filter Include="Form Files">
      <UniqueIdentifier>{99349809-55BA-4b9d-BF79-8FDBB0286EB3}</UniqueIdentifier>
      <Extensions>ui</Extensions>
      <ParseFiles>false</ParseFiles>
    </Filter>
    <Filter Include="Generated Files">
      <UniqueIdentifier>{71ED8ED8-ACB9-4CE9-BBE1-E00B30144E11}</UniqueIdentifier>
      <Extensions>cpp;c;cxx;moc;h;def;odl;idl;res;</Extensions>
    </Filter>
    <Filter Include="Generated Files">
      <UniqueIdentifier>{71ED8ED8-ACB9-4CE9-BBE1-E00B30144E11}</UniqueIdentifier>
      <Extensions>cpp;c;cxx;moc;h;def;odl;idl;res;</Extensions>
    </Filter>
    <Filter Include="Header Files">
      <UniqueIdentifier>{93995380-89BD-4b04-88EB-625FBE52EBFB}</UniqueIdentifier>
      <Extensions>h;hpp;hxx;hm;inl;inc;xsd</Extensions>
    </Filter>
    <Filter Include="Header Files">
      <UniqueIdentifier>{93995380-89BD-4b04-88EB-625FBE52EBFB}</UniqueIdentifier>
      <Extensions>h;hpp;hxx;hm;inl;inc;xsd</Extensions>
    </Filter>
    <Filter Include="Source Files">
      <UniqueIdentifier>{4FC737F1-C7A5-4376-A066-2A32D752A2FF}</UniqueIdentifier>
      <Extensions>cpp;c;cxx;def;odl;idl;hpj;bat;asm;asmx</Extensions>
    </Filter>
    <Filter Include="Source Files">
      <UniqueIdentifier>{4FC737F1-C7A5-4376-A066-2A32D752A2FF}</UniqueIdentifier>
      <Extensions>cpp;c;cxx;def;odl;idl;hpj;bat;asm;asmx</Extensions>
    </Filter>
    <Filter Include="Distribution Files">
      <UniqueIdentifier>{B83CAF91-C7BF-462F-B76C-EA11631F866C}</UniqueIdentifier>
      <Extensions>*</Extensions>
      <ParseFiles>false</ParseFiles>
    </Filter>
    <Filter Include="Distribution Files">
      <UniqueIdentifier>{B83CAF91-C7BF-462F-B76C-EA11631F866C}</UniqueIdentifier>
      <Extensions>*</Extensions>
      <ParseFiles>false</ParseFiles>
    </Filter>
  </ItemGroup>
  <ItemGroup>
    <ClCompile Include="BlinkingSquare.cpp">
      <Filter>Source Files</Filter>
    </ClCompile>
    <ClCompile Include="DataAccessLayer.cpp">
      <Filter>Source Files</Filter>
    </ClCompile>
    <ClCompile Include="Phy_Signal.cpp">
      <Filter>Source Files</Filter>
    </ClCompile>
    <ClCompile Include="Phy_TrackSection.cpp">
      <Filter>Source Files</Filter>
    </ClCompile>
    <ClCompile Include="Phy_turnout.cpp">
      <Filter>Source Files</Filter>
    </ClCompile>
    <ClCompile Include="ProjectInitializer.cpp">
      <Filter>Source Files</Filter>
    </ClCompile>
    <ClCompile Include="SceneEclipse.cpp">
      <Filter>Source Files</Filter>
    </ClCompile>
    <ClCompile Include="SceneText.cpp">
      <Filter>Source Files</Filter>
    </ClCompile>
    <ClCompile Include="SerialPortThread.cpp">
      <Filter>Source Files</Filter>
    </ClCompile>
    <ClCompile Include="TrackView.cpp">
      <Filter>Source Files</Filter>
    </ClCompile>
    <ClCompile Include="TracktologyBuilder.cpp">
      <Filter>Source Files</Filter>
    </ClCompile>
    <ClCompile Include="main.cpp">
      <Filter>Source Files</Filter>
    </ClCompile>
    <ClCompile Include="mainwindow.cpp">
      <Filter>Source Files</Filter>
    </ClCompile>
    <ClCompile Include="sceneline.cpp">
      <Filter>Source Files</Filter>
    </ClCompile>
    <ClCompile Include="CommandStatusChecker.cpp">
      <Filter>Generated Files</Filter>
    </ClCompile>
    <ClCompile Include="Configurations.cpp">
      <Filter>Generated Files</Filter>
    </ClCompile>
    <ClCompile Include="dataport.cpp">
      <Filter>Generated Files</Filter>
    </ClCompile>
    <ClCompile Include="InterlockControl.cpp">
      <Filter>Generated Files</Filter>
    </ClCompile>
    <ClCompile Include="InterlockingRouteManager.cpp">
      <Filter>Generated Files</Filter>
    </ClCompile>
    <ClCompile Include="MenuPushButton.cpp">
      <Filter>Generated Files</Filter>
    </ClCompile>
    <ClCompile Include="MenuPushButtonManager.cpp">
      <Filter>Generated Files</Filter>
    </ClCompile>
    <ClCompile Include="PhyDeviceManager.cpp">
      <Filter>Generated Files</Filter>
    </ClCompile>
    <ClCompile Include="serialdataport.cpp">
      <Filter>Generated Files</Filter>
    </ClCompile>
    <ClCompile Include="SwitchDirectOperationEvent.cpp">
      <Filter>Generated Files</Filter>
    </ClCompile>
    <ClCompile Include="SwitchReverseOperationEvent.cpp">
      <Filter>Generated Files</Filter>
    </ClCompile>
    <ClCompile Include="TrackComander.cpp">
      <Filter>Generated Files</Filter>
    </ClCompile>
    <ClCompile Include="Utilty.cpp">
      <Filter>Generated Files</Filter>
    </ClCompile>
    <ClCompile Include="ViewLogicalControl.cpp">
      <Filter>Generated Files</Filter>
    </ClCompile>
  </ItemGroup>
  <ItemGroup>
    <QtMoc Include="BlinkingSquare.h">
      <Filter>Header Files</Filter>
    </QtMoc>
    <QtMoc Include="DataAccessLayer.h">
      <Filter>Header Files</Filter>
    </QtMoc>
    <ClInclude Include="Phy_Signal.h">
      <Filter>Header Files</Filter>
    </ClInclude>
    <ClInclude Include="Phy_TrackSection.h">
      <Filter>Header Files</Filter>
    </ClInclude>
    <ClInclude Include="Phy_turnout.h">
      <Filter>Header Files</Filter>
    </ClInclude>
    <ClInclude Include="ProjectInitializer.h">
      <Filter>Header Files</Filter>
    </ClInclude>
    <QtMoc Include="SceneEclipse.h">
      <Filter>Header Files</Filter>
    </QtMoc>
    <QtMoc Include="SceneText.h">
      <Filter>Header Files</Filter>
    </QtMoc>
    <QtMoc Include="SerialPortThread.h">
      <Filter>Header Files</Filter>
    </QtMoc>
    <QtMoc Include="TrackView.h">
      <Filter>Header Files</Filter>
    </QtMoc>
    <QtMoc Include="TracktologyBuilder.h">
      <Filter>Header Files</Filter>
    </QtMoc>
    <QtMoc Include="mainwindow.h">
      <Filter>Header Files</Filter>
    </QtMoc>
    <QtMoc Include="sceneline.h">
      <Filter>Header Files</Filter>
    </QtMoc>
    <QtMoc Include="CommandStatusChecker.h">
      <Filter>Generated Files</Filter>
    </QtMoc>
    <QtMoc Include="Configurations.h">
      <Filter>Generated Files</Filter>
    </QtMoc>
    <QtMoc Include="dataport.h">
      <Filter>Generated Files</Filter>
    </QtMoc>
    <QtMoc Include="InterlockControl.h">
      <Filter>Generated Files</Filter>
    </QtMoc>
    <QtMoc Include="InterlockingRouteManager.h">
      <Filter>Generated Files</Filter>
    </QtMoc>
    <QtMoc Include="MenuPushButton.h">
      <Filter>Generated Files</Filter>
    </QtMoc>
    <QtMoc Include="MenuPushButtonManager.h">
      <Filter>Generated Files</Filter>
    </QtMoc>
    <QtMoc Include="PhyDeviceManager.h">
      <Filter>Generated Files</Filter>
    </QtMoc>
    <QtMoc Include="serialdataport.h">
      <Filter>Generated Files</Filter>
    </QtMoc>
    <QtMoc Include="TrackComander.h">
      <Filter>Generated Files</Filter>
    </QtMoc>
    <QtMoc Include="Utilty.h">
      <Filter>Generated Files</Filter>
    </QtMoc>
    <QtMoc Include="ViewLogicalControl.h">
      <Filter>Generated Files</Filter>
    </QtMoc>
  </ItemGroup>
  <ItemGroup>
    <CustomBuild Include="debug\moc_predefs.h.cbt">
      <Filter>Generated Files</Filter>
    </CustomBuild>
    <CustomBuild Include="release\moc_predefs.h.cbt">
      <Filter>Generated Files</Filter>
    </CustomBuild>
  </ItemGroup>
  <ItemGroup>
    <QtUic Include="mainwindow.ui">
      <Filter>Form Files</Filter>
    </QtUic>
  </ItemGroup>
  <ItemGroup>
    <None Include="C:\Users\大哥\PycharmProjects\pythonProject\paths.txt">
      <Filter>Distribution Files</Filter>
    </None>
    <None Include="C:\Users\大哥\PycharmProjects\pythonProject\printpath.py">
      <Filter>Distribution Files</Filter>
    </None>
  </ItemGroup>
  <ItemGroup>
    <ClInclude Include="dataport_global.h">
      <Filter>Generated Files</Filter>
    </ClInclude>
    <ClInclude Include="SwitchDirectOperationEvent.h">
      <Filter>Generated Files</Filter>
    </ClInclude>
    <ClInclude Include="SwitchReverseOperationEvent.h">
      <Filter>Generated Files</Filter>
    </ClInclude>
    <ClInclude Include="ui_mainwindow.h">
      <Filter>Generated Files</Filter>
    </ClInclude>
  </ItemGroup>
</Project>