
Microsoft Visual Studio Solution File, Format Version 12.00
# Visual Studio Version 16
VisualStudioVersion = 16.0.32428.217
MinimumVisualStudioVersion = 10.0.40219.1
Project("{8BC9CEB8-8B4A-11D0-8D11-00A0C91BC942}") = "InterlockSimulation", "InterlockSimulation.vcxproj", "{8F0F8F94-783F-3D03-B1AA-B9256C7B56A2}"
EndProject
Global
	GlobalSection(SolutionConfigurationPlatforms) = preSolution
		Debug|x64 = Debug|x64
		Release|x64 = Release|x64
	EndGlobalSection
	GlobalSection(ProjectConfigurationPlatforms) = postSolution
		{8F0F8F94-783F-3D03-B1AA-B9256C7B56A2}.Debug|x64.ActiveCfg = Debug|x64
		{8F0F8F94-783F-3D03-B1AA-B9256C7B56A2}.Debug|x64.Build.0 = Debug|x64
		{8F0F8F94-783F-3D03-B1AA-B9256C7B56A2}.Release|x64.ActiveCfg = Release|x64
		{8F0F8F94-783F-3D03-B1AA-B9256C7B56A2}.Release|x64.Build.0 = Release|x64
	EndGlobalSection
	GlobalSection(SolutionProperties) = preSolution
		HideSolutionNode = FALSE
	EndGlobalSection
	GlobalSection(ExtensibilityGlobals) = postSolution
		SolutionGuid = {776F12B5-AFF6-4D9C-9FB0-8C6583F44C7C}
	EndGlobalSection
EndGlobal
